
Microsoft Visual Studio Solution File, Format Version 12.00
# Visual Studio Version 17
VisualStudioVersion = 17.7.34202.233
MinimumVisualStudioVersion = 10.0.40219.1
Project("{FAE04EC0-301F-11D3-BF4B-00C04F79EFBC}") = "Iftimie_Roxana_lab1", "Iftimie_Roxana_lab1.csproj", "{8326EF9B-C4FB-412B-BB4E-0EA71153CAB3}"
EndProject
Global
	GlobalSection(SolutionConfigurationPlatforms) = preSolution
		Debug|Any CPU = Debug|Any CPU
		Release|Any CPU = Release|Any CPU
	EndGlobalSection
	GlobalSection(ProjectConfigurationPlatforms) = postSolution
		{8326EF9B-C4FB-412B-BB4E-0EA71153CAB3}.Debug|Any CPU.ActiveCfg = Debug|Any CPU
		{8326EF9B-C4FB-412B-BB4E-0EA71153CAB3}.Debug|Any CPU.Build.0 = Debug|Any CPU
		{8326EF9B-C4FB-412B-BB4E-0EA71153CAB3}.Release|Any CPU.ActiveCfg = Release|Any CPU
		{8326EF9B-C4FB-412B-BB4E-0EA71153CAB3}.Release|Any CPU.Build.0 = Release|Any CPU
	EndGlobalSection
	GlobalSection(SolutionProperties) = preSolution
		HideSolutionNode = FALSE
	EndGlobalSection
	GlobalSection(ExtensibilityGlobals) = postSolution
		SolutionGuid = {28F735D9-F560-484E-86E1-D66D3AC4E31C}
	EndGlobalSection
EndGlobal
